
Microsoft Visual Studio Solution File, Format Version 12.00
# Visual Studio Version 17
VisualStudioVersion = 17.6.33815.320
MinimumVisualStudioVersion = 10.0.40219.1
Project("{FAE04EC0-301F-11D3-BF4B-00C04F79EFBC}") = "Module 10 Interfaces Task 1", "Module 10 Interfaces Task 1\Module 10 Interfaces Task 1.csproj", "{A849FCFB-EAE0-4D98-9686-740D3F52FEDB}"
EndProject
Global
	GlobalSection(SolutionConfigurationPlatforms) = preSolution
		Debug|Any CPU = Debug|Any CPU
		Release|Any CPU = Release|Any CPU
	EndGlobalSection
	GlobalSection(ProjectConfigurationPlatforms) = postSolution
		{A849FCFB-EAE0-4D98-9686-740D3F52FEDB}.Debug|Any CPU.ActiveCfg = Debug|Any CPU
		{A849FCFB-EAE0-4D98-9686-740D3F52FEDB}.Debug|Any CPU.Build.0 = Debug|Any CPU
		{A849FCFB-EAE0-4D98-9686-740D3F52FEDB}.Release|Any CPU.ActiveCfg = Release|Any CPU
		{A849FCFB-EAE0-4D98-9686-740D3F52FEDB}.Release|Any CPU.Build.0 = Release|Any CPU
	EndGlobalSection
	GlobalSection(SolutionProperties) = preSolution
		HideSolutionNode = FALSE
	EndGlobalSection
	GlobalSection(ExtensibilityGlobals) = postSolution
		SolutionGuid = {2741B064-CAE7-4CF3-8A1D-2D7658A9F203}
	EndGlobalSection
EndGlobal
